{
  "name": "@geneontology/wc-go-ribbon",
  "version": "0.0.13",
  "lockfileVersion": 1,
  "requires": true,
  "dependencies": {
    "@geneontology/dbxrefs": {
      "version": "1.0.7",
      "resolved": "https://registry.npmjs.org/@geneontology/dbxrefs/-/dbxrefs-1.0.7.tgz",
      "integrity": "sha512-uexbgWk9cfzHbsTpYou2OxW18DA+pfmcUF2Y1/C6fCzWZnXeCx2bRjSbpArpBAVj1McpnDTNEhZ/0/W3dnkaRA==",
      "requires": {
        "axios": "^0.21.1",
        "js-yaml": "^4.0.0"
      }
    },
    "@geneontology/wc-go-autocomplete": {
      "version": "0.0.6",
      "resolved": "https://registry.npmjs.org/@geneontology/wc-go-autocomplete/-/wc-go-autocomplete-0.0.6.tgz",
      "integrity": "sha512-QOJEA5xWXwooQGIgEjPiwFzq6SKR3Glg1DwBUBaKxRMDhTPj4ywkigXNEVOOI+F+iRbEyM0s/M79wYtzvHurTw==",
      "requires": {
        "@geneontology/dbxrefs": "^1.0.9",
        "@stencil/core": "^1.8.8"
      },
      "dependencies": {
        "@geneontology/dbxrefs": {
          "version": "1.0.9",
          "resolved": "https://registry.npmjs.org/@geneontology/dbxrefs/-/dbxrefs-1.0.9.tgz",
          "integrity": "sha512-njOpHCibDhFtoyWcz9u6xok/ta/ZjsRPTJNP/3GZP5m8i+PTcLd7XU7qR5OklToh5z0IjEo9zcjqY5DhHuJk3A==",
          "requires": {
            "axios": "^0.21.1",
            "js-yaml": "^4.0.0"
          }
        }
      }
    },
    "@geneontology/wc-ribbon-strips": {
      "version": "0.0.36",
      "resolved": "https://registry.npmjs.org/@geneontology/wc-ribbon-strips/-/wc-ribbon-strips-0.0.36.tgz",
      "integrity": "sha512-RsWulLkxkZ9edur/ceyBSe7GtHaJ508ACUp8Qg4B5TTAj/rITwdE8hYBv0MDZZbQwntympV0HOxC3PvAo4T0qw==",
      "requires": {
        "@geneontology/wc-spinner": "0.0.2"
      }
    },
    "@geneontology/wc-ribbon-table": {
      "version": "0.0.54",
      "resolved": "https://registry.npmjs.org/@geneontology/wc-ribbon-table/-/wc-ribbon-table-0.0.54.tgz",
      "integrity": "sha512-cSpX0OLuEGeEIjTX0j/rNW9AkbRpw1Px00AeIncgT/3tiDZOBhPqNKCEFo9HNsDvfyBvKIT1dLfQA8zGqvfotA==",
      "requires": {
        "@geneontology/dbxrefs": "^1.0.7"
      }
    },
    "@geneontology/wc-spinner": {
      "version": "0.0.2",
      "resolved": "https://registry.npmjs.org/@geneontology/wc-spinner/-/wc-spinner-0.0.2.tgz",
      "integrity": "sha512-LUbE3DvgxtXcLokPMtY+ex5i02chSA+V3XLbCJgSVxExvdyhy3ZK55mI+ojSnXkRTQHRHitzniAhs+DkhZ4JgQ=="
    },
    "@stencil/core": {
      "version": "1.16.3",
      "resolved": "https://registry.npmjs.org/@stencil/core/-/core-1.16.3.tgz",
      "integrity": "sha512-58AwSCktkDKXc45U0Q+AXvWtmEAZs37DOt9SC2LEypYL6YnVHGiL2lekbvA5R3JYzPFVasg+vmDHVouqSr/zMA==",
      "requires": {
        "typescript": "3.9.6"
      }
    },
    "argparse": {
      "version": "2.0.1",
      "resolved": "https://registry.npmjs.org/argparse/-/argparse-2.0.1.tgz",
      "integrity": "sha512-8+9WqebbFzpX9OR+Wa6O29asIogeRMzcGtAINdpMHHyAg10f05aSFVBbcEqGf/PXw1EjAZ+q2/bEBg3DvurK3Q=="
    },
    "axios": {
      "version": "0.21.1",
      "resolved": "https://registry.npmjs.org/axios/-/axios-0.21.1.tgz",
      "integrity": "sha512-dKQiRHxGD9PPRIUNIWvZhPTPpl1rf/OxTYKsqKUDjBwYylTvV7SjSHJb9ratfyzM6wCdLCOYLzs73qpg5c4iGA==",
      "requires": {
        "follow-redirects": "^1.10.0"
      }
    },
    "follow-redirects": {
      "version": "1.13.2",
      "resolved": "https://registry.npmjs.org/follow-redirects/-/follow-redirects-1.13.2.tgz",
      "integrity": "sha512-6mPTgLxYm3r6Bkkg0vNM0HTjfGrOEtsfbhagQvbxDEsEkpNhw582upBaoRZylzen6krEmxXJgt9Ju6HiI4O7BA=="
    },
    "js-yaml": {
      "version": "4.0.0",
      "resolved": "https://registry.npmjs.org/js-yaml/-/js-yaml-4.0.0.tgz",
      "integrity": "sha512-pqon0s+4ScYUvX30wxQi3PogGFAlUyH0awepWvwkj4jD4v+ova3RiYw8bmA6x2rDrEaj8i/oWKoRxpVNW+Re8Q==",
      "requires": {
        "argparse": "^2.0.1"
      }
    },
    "typescript": {
      "version": "3.9.6",
      "resolved": "https://registry.npmjs.org/typescript/-/typescript-3.9.6.tgz",
      "integrity": "sha512-Pspx3oKAPJtjNwE92YS05HQoY7z2SFyOpHo9MqJor3BXAGNaPUs83CuVp9VISFkSjyRfiTpmKuAYGJB7S7hOxw=="
    }
  }
}
