{
  "name": "@geneontology/wc-go-ribbon",
  "version": "0.0.3",
  "lockfileVersion": 1,
  "requires": true,
  "dependencies": {
    "@geneontology/curie-util-es5": {
      "version": "1.2.4",
      "resolved": "https://registry.npmjs.org/@geneontology/curie-util-es5/-/curie-util-es5-1.2.4.tgz",
      "integrity": "sha512-2Q6E3LXaQ8fYtlcDO8Y8PguU97PxyOCeQWvLk6AEeI0VerSX0DCl3h8aLmgxs1ujIWEETi2ZVwvYfDJTxUZ3vg=="
    },
    "@geneontology/wc-ribbon-strips": {
      "version": "0.0.29",
      "resolved": "https://registry.npmjs.org/@geneontology/wc-ribbon-strips/-/wc-ribbon-strips-0.0.29.tgz",
      "integrity": "sha512-9tXd39rQJ5vIAX+ThzRLpkHcCr3EoIgWmSZhsQSMCbq/xQwcVAr9HG/HNEVNbVP0DfLAvzhcm1N7I01PESzBkQ==",
      "requires": {
        "@geneontology/wc-spinner": "0.0.2"
      }
    },
    "@geneontology/wc-ribbon-table": {
      "version": "0.0.50",
      "resolved": "https://registry.npmjs.org/@geneontology/wc-ribbon-table/-/wc-ribbon-table-0.0.50.tgz",
      "integrity": "sha512-Vy/pXthjiGdk9rtXR7aDK2LGRbu2AXnLdqudTgED0A2Uj2cCjXitfC+atmmkMFbp1JcS5kLkXt1eECqb343i2A==",
      "requires": {
        "@geneontology/curie-util-es5": "^1.2.4"
      }
    },
    "@geneontology/wc-spinner": {
      "version": "0.0.2",
      "resolved": "https://registry.npmjs.org/@geneontology/wc-spinner/-/wc-spinner-0.0.2.tgz",
      "integrity": "sha512-LUbE3DvgxtXcLokPMtY+ex5i02chSA+V3XLbCJgSVxExvdyhy3ZK55mI+ojSnXkRTQHRHitzniAhs+DkhZ4JgQ=="
    },
    "@stencil/core": {
      "version": "1.16.3",
      "resolved": "https://registry.npmjs.org/@stencil/core/-/core-1.16.3.tgz",
      "integrity": "sha512-58AwSCktkDKXc45U0Q+AXvWtmEAZs37DOt9SC2LEypYL6YnVHGiL2lekbvA5R3JYzPFVasg+vmDHVouqSr/zMA==",
      "dev": true,
      "requires": {
        "typescript": "3.9.6"
      }
    },
    "typescript": {
      "version": "3.9.6",
      "resolved": "https://registry.npmjs.org/typescript/-/typescript-3.9.6.tgz",
      "integrity": "sha512-Pspx3oKAPJtjNwE92YS05HQoY7z2SFyOpHo9MqJor3BXAGNaPUs83CuVp9VISFkSjyRfiTpmKuAYGJB7S7hOxw==",
      "dev": true
    }
  }
}
