{
  "name": "@geneontology/wc-light-modal",
  "version": "0.0.7",
  "lockfileVersion": 3,
  "requires": true,
  "packages": {
    "": {
      "name": "@geneontology/wc-light-modal",
      "version": "0.0.7",
      "license": "BSD-3",
      "dependencies": {
        "@stencil/core": "^3.4.2"
      }
    },
    "node_modules/@stencil/core": {
      "version": "3.4.2",
      "resolved": "https://registry.npmjs.org/@stencil/core/-/core-3.4.2.tgz",
      "integrity": "sha512-FAUhUVaakCy29nU2GwO/HQBRV1ihPRvncz3PUc8oR+UJLAxGabTmP8PLY7wvHfbw+Cvi4VXfJFTBvdfDu6iKPQ==",
      "license": "MIT",
      "bin": {
        "stencil": "bin/stencil"
      },
      "engines": {
        "node": ">=14.10.0",
        "npm": ">=6.0.0"
      }
    }
  }
}
