{
  "name": "@geneontology/wc-ribbon-table",
  "version": "0.0.48",
  "lockfileVersion": 1,
  "requires": true,
  "dependencies": {
    "@geneontology/curie-util-es5": {
      "version": "1.2.4",
      "resolved": "https://registry.npmjs.org/@geneontology/curie-util-es5/-/curie-util-es5-1.2.4.tgz",
      "integrity": "sha512-2Q6E3LXaQ8fYtlcDO8Y8PguU97PxyOCeQWvLk6AEeI0VerSX0DCl3h8aLmgxs1ujIWEETi2ZVwvYfDJTxUZ3vg=="
    },
    "@stencil/core": {
      "version": "1.8.8",
      "resolved": "https://registry.npmjs.org/@stencil/core/-/core-1.8.8.tgz",
      "integrity": "sha512-ATru3WAQxWsc+Z2ji5l0wc28yyirgRB25AmZTLSnWeRUn388AkY2tn2Dderz+c7Rnsd9kpAdln6tsv0/KuQLkQ==",
      "dev": true,
      "requires": {
        "typescript": "3.7.5"
      }
    },
    "@stencil/sass": {
      "version": "1.1.1",
      "resolved": "https://registry.npmjs.org/@stencil/sass/-/sass-1.1.1.tgz",
      "integrity": "sha512-Nny3JiFkpQa0RdXWCa4pzhKQYnHuDNzC9c4w35FcaZHXBVuZ1UHSHc7wI7By9SS1auYcySqpPOBVzgoCqXcYVQ==",
      "dev": true
    },
    "typescript": {
      "version": "3.7.5",
      "resolved": "https://registry.npmjs.org/typescript/-/typescript-3.7.5.tgz",
      "integrity": "sha512-/P5lkRXkWHNAbcJIiHPfRoKqyd7bsyCma1hZNUGfn20qm64T6ZBlrzprymeu918H+mB/0rIg2gGK/BXkhhYgBw==",
      "dev": true
    }
  }
}
