{
  "name": "@geneontology/wc-ribbon-table",
  "version": "0.0.57",
  "lockfileVersion": 3,
  "requires": true,
  "packages": {
    "": {
      "name": "@geneontology/wc-ribbon-table",
      "version": "0.0.57",
      "license": "BSD-3",
      "dependencies": {
        "@geneontology/dbxrefs": "^1.0.16"
      },
      "devDependencies": {
        "@stencil/core": "^4.22.2",
        "@stencil/sass": "^2.0.4"
      }
    },
    "node_modules/@geneontology/dbxrefs": {
      "version": "1.0.16",
      "resolved": "https://registry.npmjs.org/@geneontology/dbxrefs/-/dbxrefs-1.0.16.tgz",
      "integrity": "sha512-zKvbcfs+LU4ZnUo00A5ae0V+FVMIM4ftxcfKtJWmtnLKwWy1sOn2y36HGcz/rEmLwd2zBApKJ0ojmgBH416Q5Q==",
      "dependencies": {
        "axios": "^0.21.1",
        "js-yaml": "^4.0.0"
      }
    },
    "node_modules/@stencil/core": {
      "version": "4.22.2",
      "resolved": "https://registry.npmjs.org/@stencil/core/-/core-4.22.2.tgz",
      "integrity": "sha512-eq2pYrrnzcLyBRANk0X/VVOfCtD0nCxWnEZ0AVdscuqfDkOjxa6SSZOfEhR9FAvrmESHp8y5jRCVPnf4n5CC4A==",
      "dev": true,
      "license": "MIT",
      "bin": {
        "stencil": "bin/stencil"
      },
      "engines": {
        "node": ">=16.0.0",
        "npm": ">=7.10.0"
      }
    },
    "node_modules/@stencil/sass": {
      "version": "2.0.4",
      "resolved": "https://registry.npmjs.org/@stencil/sass/-/sass-2.0.4.tgz",
      "integrity": "sha512-tq+ZgJ9ynmag+e21cYmA6+YYJxBJapxjf94eL+uysxY78dM1801ydAhnT+64S5UnX8Jh+22uAuTY2bEYDBPUww==",
      "dev": true,
      "license": "MIT",
      "peerDependencies": {
        "@stencil/core": ">=2.0.0 || >=3.0.0-beta.0"
      }
    },
    "node_modules/argparse": {
      "version": "2.0.1",
      "resolved": "https://registry.npmjs.org/argparse/-/argparse-2.0.1.tgz",
      "integrity": "sha512-8+9WqebbFzpX9OR+Wa6O29asIogeRMzcGtAINdpMHHyAg10f05aSFVBbcEqGf/PXw1EjAZ+q2/bEBg3DvurK3Q=="
    },
    "node_modules/axios": {
      "version": "0.21.1",
      "resolved": "https://registry.npmjs.org/axios/-/axios-0.21.1.tgz",
      "integrity": "sha512-dKQiRHxGD9PPRIUNIWvZhPTPpl1rf/OxTYKsqKUDjBwYylTvV7SjSHJb9ratfyzM6wCdLCOYLzs73qpg5c4iGA==",
      "dependencies": {
        "follow-redirects": "^1.10.0"
      }
    },
    "node_modules/follow-redirects": {
      "version": "1.13.3",
      "resolved": "https://registry.npmjs.org/follow-redirects/-/follow-redirects-1.13.3.tgz",
      "integrity": "sha512-DUgl6+HDzB0iEptNQEXLx/KhTmDb8tZUHSeLqpnjpknR70H0nC2t9N73BK6fN4hOvJ84pKlIQVQ4k5FFlBedKA==",
      "funding": [
        {
          "type": "individual",
          "url": "https://github.com/sponsors/RubenVerborgh"
        }
      ],
      "engines": {
        "node": ">=4.0"
      },
      "peerDependenciesMeta": {
        "debug": {
          "optional": true
        }
      }
    },
    "node_modules/js-yaml": {
      "version": "4.0.0",
      "resolved": "https://registry.npmjs.org/js-yaml/-/js-yaml-4.0.0.tgz",
      "integrity": "sha512-pqon0s+4ScYUvX30wxQi3PogGFAlUyH0awepWvwkj4jD4v+ova3RiYw8bmA6x2rDrEaj8i/oWKoRxpVNW+Re8Q==",
      "dependencies": {
        "argparse": "^2.0.1"
      },
      "bin": {
        "js-yaml": "bin/js-yaml.js"
      }
    }
  }
}
