{
  "name": "@geneontology/wc-ribbon-strips",
  "version": "0.0.37",
  "lockfileVersion": 3,
  "requires": true,
  "packages": {
    "": {
      "name": "@geneontology/wc-ribbon-strips",
      "version": "0.0.37",
      "license": "BSD-3",
      "dependencies": {
        "@geneontology/wc-spinner": "0.0.2"
      },
      "devDependencies": {
        "@stencil/core": "^4.22.2",
        "@stencil/sass": "^2.0.4"
      }
    },
    "node_modules/@geneontology/wc-spinner": {
      "version": "0.0.2",
      "resolved": "https://registry.npmjs.org/@geneontology/wc-spinner/-/wc-spinner-0.0.2.tgz",
      "integrity": "sha512-LUbE3DvgxtXcLokPMtY+ex5i02chSA+V3XLbCJgSVxExvdyhy3ZK55mI+ojSnXkRTQHRHitzniAhs+DkhZ4JgQ=="
    },
    "node_modules/@stencil/core": {
      "version": "4.22.2",
      "resolved": "https://registry.npmjs.org/@stencil/core/-/core-4.22.2.tgz",
      "integrity": "sha512-eq2pYrrnzcLyBRANk0X/VVOfCtD0nCxWnEZ0AVdscuqfDkOjxa6SSZOfEhR9FAvrmESHp8y5jRCVPnf4n5CC4A==",
      "dev": true,
      "license": "MIT",
      "bin": {
        "stencil": "bin/stencil"
      },
      "engines": {
        "node": ">=16.0.0",
        "npm": ">=7.10.0"
      }
    },
    "node_modules/@stencil/sass": {
      "version": "2.0.4",
      "resolved": "https://registry.npmjs.org/@stencil/sass/-/sass-2.0.4.tgz",
      "integrity": "sha512-tq+ZgJ9ynmag+e21cYmA6+YYJxBJapxjf94eL+uysxY78dM1801ydAhnT+64S5UnX8Jh+22uAuTY2bEYDBPUww==",
      "dev": true,
      "license": "MIT",
      "peerDependencies": {
        "@stencil/core": ">=2.0.0 || >=3.0.0-beta.0"
      }
    }
  }
}
