{
  "name": "@geneontology/wc-ribbon-strips",
  "version": "0.0.37",
  "lockfileVersion": 3,
  "requires": true,
  "packages": {
    "": {
      "name": "@geneontology/wc-ribbon-strips",
      "version": "0.0.37",
      "license": "BSD-3",
      "dependencies": {
        "@geneontology/wc-spinner": "0.0.2"
      },
      "devDependencies": {
        "@stencil/core": "^1.8.8",
        "@stencil/sass": "^1.1.1"
      }
    },
    "node_modules/@geneontology/wc-spinner": {
      "version": "0.0.2",
      "resolved": "https://registry.npmjs.org/@geneontology/wc-spinner/-/wc-spinner-0.0.2.tgz",
      "integrity": "sha512-LUbE3DvgxtXcLokPMtY+ex5i02chSA+V3XLbCJgSVxExvdyhy3ZK55mI+ojSnXkRTQHRHitzniAhs+DkhZ4JgQ=="
    },
    "node_modules/@stencil/core": {
      "version": "1.8.8",
      "resolved": "https://registry.npmjs.org/@stencil/core/-/core-1.8.8.tgz",
      "integrity": "sha512-ATru3WAQxWsc+Z2ji5l0wc28yyirgRB25AmZTLSnWeRUn388AkY2tn2Dderz+c7Rnsd9kpAdln6tsv0/KuQLkQ==",
      "dev": true,
      "dependencies": {
        "typescript": "3.7.5"
      },
      "bin": {
        "stencil": "bin/stencil"
      },
      "engines": {
        "node": ">=8.9.0",
        "npm": ">=6.0.0"
      }
    },
    "node_modules/@stencil/sass": {
      "version": "1.1.1",
      "resolved": "https://registry.npmjs.org/@stencil/sass/-/sass-1.1.1.tgz",
      "integrity": "sha512-Nny3JiFkpQa0RdXWCa4pzhKQYnHuDNzC9c4w35FcaZHXBVuZ1UHSHc7wI7By9SS1auYcySqpPOBVzgoCqXcYVQ==",
      "dev": true,
      "peerDependencies": {
        "@stencil/core": "^1.0.2"
      }
    },
    "node_modules/typescript": {
      "version": "3.7.5",
      "resolved": "https://registry.npmjs.org/typescript/-/typescript-3.7.5.tgz",
      "integrity": "sha512-/P5lkRXkWHNAbcJIiHPfRoKqyd7bsyCma1hZNUGfn20qm64T6ZBlrzprymeu918H+mB/0rIg2gGK/BXkhhYgBw==",
      "dev": true,
      "bin": {
        "tsc": "bin/tsc",
        "tsserver": "bin/tsserver"
      },
      "engines": {
        "node": ">=4.2.0"
      }
    }
  }
}
